{
  "name": "react-native-wheel-picker-android",
  "version": "3.0.0",
  "lockfileVersion": 1,
  "requires": true,
  "dependencies": {
    "@react-native-community/datetimepicker": {
      "version": "6.1.2",
      "resolved": "https://registry.npmjs.org/@react-native-community/datetimepicker/-/datetimepicker-6.1.2.tgz",
      "integrity": "sha512-4D21x4eywCY2Ex4BI6tQhUEOOKSruz9uPbGK0azGKZap/etoiPtH3nuG56ACtpmUlu5d1R9zzTlumr02dp39hA==",
      "requires": {
        "invariant": "^2.2.4"
      }
    },
    "@react-native-picker/picker": {
      "version": "2.4.0",
      "resolved": "https://registry.npmjs.org/@react-native-picker/picker/-/picker-2.4.0.tgz",
      "integrity": "sha512-duGZc3a8Qa21YPrA4U3oR9NAUzBA66FTjubGK2CodA6rNjiwN+xC32hOZ5unkf4qD3DqLWeoPjg3fYf54bVMjA=="
    },
    "invariant": {
      "version": "2.2.4",
      "resolved": "https://registry.npmjs.org/invariant/-/invariant-2.2.4.tgz",
      "integrity": "sha512-phJfQVBuaJM5raOpJjSfkiD6BpbCE4Ns//LaXl6wGYtUBY83nWS6Rf9tXm2e8VaK60JEjYldbPif/A2B1C2gNA==",
      "requires": {
        "loose-envify": "^1.0.0"
      }
    },
    "js-tokens": {
      "version": "4.0.0",
      "resolved": "https://registry.npmjs.org/js-tokens/-/js-tokens-4.0.0.tgz",
      "integrity": "sha512-RdJUflcE3cUzKiMqQgsCu06FPu9UdIJO0beYbPhHN4k6apgJtifcoCtT9bcxOpYBtpD2kCM6Sbzg4CausW/PKQ=="
    },
    "loose-envify": {
      "version": "1.4.0",
      "resolved": "https://registry.npmjs.org/loose-envify/-/loose-envify-1.4.0.tgz",
      "integrity": "sha512-lyuxPGr/Wfhrlem2CL/UcnUc1zcqKAImBDzukY7Y5F/yQiNdko6+fRLevlw1HgMySw7f611UIY408EtxRSoK3Q==",
      "requires": {
        "js-tokens": "^3.0.0 || ^4.0.0"
      }
    },
    "moment": {
      "version": "2.29.2",
      "resolved": "https://registry.npmjs.org/moment/-/moment-2.29.2.tgz",
      "integrity": "sha512-UgzG4rvxYpN15jgCmVJwac49h9ly9NurikMWGPdVxm8GZD6XjkKPxDTjQQ43gtGgnV3X0cAyWDdP2Wexoquifg=="
    }
  }
}
